
Microsoft Visual Studio Solution File, Format Version 12.00
# Visual Studio Version 17
VisualStudioVersion = 17.7.34031.279
MinimumVisualStudioVersion = 10.0.40219.1
Project("{FAE04EC0-301F-11D3-BF4B-00C04F79EFBC}") = "myBank", "myBank\myBank.csproj", "{5BDD6C1C-347A-404C-BA4A-5B4A5725D2F6}"
EndProject
Project("{FAE04EC0-301F-11D3-BF4B-00C04F79EFBC}") = "AccountTesting", "AccountTesting\AccountTesting.csproj", "{162C9AB5-F6F0-4233-870A-353143E10333}"
EndProject
Global
	GlobalSection(SolutionConfigurationPlatforms) = preSolution
		Debug|Any CPU = Debug|Any CPU
		Release|Any CPU = Release|Any CPU
	EndGlobalSection
	GlobalSection(ProjectConfigurationPlatforms) = postSolution
		{5BDD6C1C-347A-404C-BA4A-5B4A5725D2F6}.Debug|Any CPU.ActiveCfg = Debug|Any CPU
		{5BDD6C1C-347A-404C-BA4A-5B4A5725D2F6}.Debug|Any CPU.Build.0 = Debug|Any CPU
		{5BDD6C1C-347A-404C-BA4A-5B4A5725D2F6}.Release|Any CPU.ActiveCfg = Release|Any CPU
		{5BDD6C1C-347A-404C-BA4A-5B4A5725D2F6}.Release|Any CPU.Build.0 = Release|Any CPU
		{162C9AB5-F6F0-4233-870A-353143E10333}.Debug|Any CPU.ActiveCfg = Debug|Any CPU
		{162C9AB5-F6F0-4233-870A-353143E10333}.Debug|Any CPU.Build.0 = Debug|Any CPU
		{162C9AB5-F6F0-4233-870A-353143E10333}.Release|Any CPU.ActiveCfg = Release|Any CPU
		{162C9AB5-F6F0-4233-870A-353143E10333}.Release|Any CPU.Build.0 = Release|Any CPU
	EndGlobalSection
	GlobalSection(SolutionProperties) = preSolution
		HideSolutionNode = FALSE
	EndGlobalSection
	GlobalSection(ExtensibilityGlobals) = postSolution
		SolutionGuid = {1D99F816-70F8-46C1-8FC9-EEEE409322C0}
	EndGlobalSection
EndGlobal
